
Microsoft Visual Studio Solution File, Format Version 12.00
# Visual Studio Version 17
VisualStudioVersion = 17.11.35312.102
MinimumVisualStudioVersion = 10.0.40219.1
Project("{FAE04EC0-301F-11D3-BF4B-00C04F79EFBC}") = "Statistic", "Statistic\Statistic.csproj", "{16F79EA0-6394-4371-A42B-2D2EAD90AE21}"
EndProject
Global
	GlobalSection(SolutionConfigurationPlatforms) = preSolution
		Debug|Any CPU = Debug|Any CPU
		Release|Any CPU = Release|Any CPU
	EndGlobalSection
	GlobalSection(ProjectConfigurationPlatforms) = postSolution
		{16F79EA0-6394-4371-A42B-2D2EAD90AE21}.Debug|Any CPU.ActiveCfg = Debug|Any CPU
		{16F79EA0-6394-4371-A42B-2D2EAD90AE21}.Debug|Any CPU.Build.0 = Debug|Any CPU
		{16F79EA0-6394-4371-A42B-2D2EAD90AE21}.Release|Any CPU.ActiveCfg = Release|Any CPU
		{16F79EA0-6394-4371-A42B-2D2EAD90AE21}.Release|Any CPU.Build.0 = Release|Any CPU
	EndGlobalSection
	GlobalSection(SolutionProperties) = preSolution
		HideSolutionNode = FALSE
	EndGlobalSection
	GlobalSection(ExtensibilityGlobals) = postSolution
		SolutionGuid = {72EEA9EC-6A7A-42AA-98DF-903629AC3C3B}
	EndGlobalSection
EndGlobal
